
Microsoft Visual Studio Solution File, Format Version 12.00
# Visual Studio 15
VisualStudioVersion = 15.0.28010.2026
MinimumVisualStudioVersion = 10.0.40219.1
Project("{FAE04EC0-301F-11D3-BF4B-00C04F79EFBC}") = "CCAdmin", "CCAdmin\CCAdmin.csproj", "{8DCF064E-085C-4C50-8399-3D2A6C84129A}"
EndProject
Global
	GlobalSection(SolutionConfigurationPlatforms) = preSolution
		Debug|Any CPU = Debug|Any CPU
		Release|Any CPU = Release|Any CPU
	EndGlobalSection
	GlobalSection(ProjectConfigurationPlatforms) = postSolution
		{8DCF064E-085C-4C50-8399-3D2A6C84129A}.Debug|Any CPU.ActiveCfg = Debug|Any CPU
		{8DCF064E-085C-4C50-8399-3D2A6C84129A}.Debug|Any CPU.Build.0 = Debug|Any CPU
		{8DCF064E-085C-4C50-8399-3D2A6C84129A}.Release|Any CPU.ActiveCfg = Release|Any CPU
		{8DCF064E-085C-4C50-8399-3D2A6C84129A}.Release|Any CPU.Build.0 = Release|Any CPU
	EndGlobalSection
	GlobalSection(SolutionProperties) = preSolution
		HideSolutionNode = FALSE
	EndGlobalSection
	GlobalSection(ExtensibilityGlobals) = postSolution
		SolutionGuid = {45A766C5-EB27-4384-962F-410F7866D8F1}
	EndGlobalSection
EndGlobal
